
Microsoft Visual Studio Solution File, Format Version 12.00
# Visual Studio Version 17
VisualStudioVersion = 17.4.33110.190
MinimumVisualStudioVersion = 10.0.40219.1
Project("{FAE04EC0-301F-11D3-BF4B-00C04F79EFBC}") = "calculator by mo amin", "calculator by mo amin\calculator by mo amin.csproj", "{16FF8EDD-2620-4CE0-9BD4-E9C4B5120759}"
EndProject
Global
	GlobalSection(SolutionConfigurationPlatforms) = preSolution
		Debug|Any CPU = Debug|Any CPU
		Release|Any CPU = Release|Any CPU
	EndGlobalSection
	GlobalSection(ProjectConfigurationPlatforms) = postSolution
		{16FF8EDD-2620-4CE0-9BD4-E9C4B5120759}.Debug|Any CPU.ActiveCfg = Debug|Any CPU
		{16FF8EDD-2620-4CE0-9BD4-E9C4B5120759}.Debug|Any CPU.Build.0 = Debug|Any CPU
		{16FF8EDD-2620-4CE0-9BD4-E9C4B5120759}.Release|Any CPU.ActiveCfg = Release|Any CPU
		{16FF8EDD-2620-4CE0-9BD4-E9C4B5120759}.Release|Any CPU.Build.0 = Release|Any CPU
	EndGlobalSection
	GlobalSection(SolutionProperties) = preSolution
		HideSolutionNode = FALSE
	EndGlobalSection
	GlobalSection(ExtensibilityGlobals) = postSolution
		SolutionGuid = {B8DBD315-F7C0-4BA8-8924-1E2026D1DA64}
	EndGlobalSection
EndGlobal
